
Microsoft Visual Studio Solution File, Format Version 12.00
# Visual Studio 14
VisualStudioVersion = 14.0.25420.1
MinimumVisualStudioVersion = 10.0.40219.1
Project("{FAE04EC0-301F-11D3-BF4B-00C04F79EFBC}") = "RBTree", "RBTree\RBTree.csproj", "{8419B679-6DF2-4FED-A7D3-9E0C71A59EE9}"
EndProject
Project("{FAE04EC0-301F-11D3-BF4B-00C04F79EFBC}") = "HopscotchHashing", "HopscotchHashing\HopscotchHashing.csproj", "{C2B25229-F7BF-43B3-BC6C-30CF29DA10F7}"
EndProject
Project("{FAE04EC0-301F-11D3-BF4B-00C04F79EFBC}") = "TestConsole", "TestConsole\TestConsole.csproj", "{A12B2E26-71D1-4CD9-906E-516A7D7D0C2D}"
EndProject
Global
	GlobalSection(SolutionConfigurationPlatforms) = preSolution
		Debug|Any CPU = Debug|Any CPU
		Release|Any CPU = Release|Any CPU
	EndGlobalSection
	GlobalSection(ProjectConfigurationPlatforms) = postSolution
		{8419B679-6DF2-4FED-A7D3-9E0C71A59EE9}.Debug|Any CPU.ActiveCfg = Debug|Any CPU
		{8419B679-6DF2-4FED-A7D3-9E0C71A59EE9}.Debug|Any CPU.Build.0 = Debug|Any CPU
		{8419B679-6DF2-4FED-A7D3-9E0C71A59EE9}.Release|Any CPU.ActiveCfg = Release|Any CPU
		{8419B679-6DF2-4FED-A7D3-9E0C71A59EE9}.Release|Any CPU.Build.0 = Release|Any CPU
		{C2B25229-F7BF-43B3-BC6C-30CF29DA10F7}.Debug|Any CPU.ActiveCfg = Debug|Any CPU
		{C2B25229-F7BF-43B3-BC6C-30CF29DA10F7}.Debug|Any CPU.Build.0 = Debug|Any CPU
		{C2B25229-F7BF-43B3-BC6C-30CF29DA10F7}.Release|Any CPU.ActiveCfg = Release|Any CPU
		{C2B25229-F7BF-43B3-BC6C-30CF29DA10F7}.Release|Any CPU.Build.0 = Release|Any CPU
		{A12B2E26-71D1-4CD9-906E-516A7D7D0C2D}.Debug|Any CPU.ActiveCfg = Debug|Any CPU
		{A12B2E26-71D1-4CD9-906E-516A7D7D0C2D}.Debug|Any CPU.Build.0 = Debug|Any CPU
		{A12B2E26-71D1-4CD9-906E-516A7D7D0C2D}.Release|Any CPU.ActiveCfg = Release|Any CPU
		{A12B2E26-71D1-4CD9-906E-516A7D7D0C2D}.Release|Any CPU.Build.0 = Release|Any CPU
	EndGlobalSection
	GlobalSection(SolutionProperties) = preSolution
		HideSolutionNode = FALSE
	EndGlobalSection
EndGlobal
